
Microsoft Visual Studio Solution File, Format Version 12.00
# Visual Studio 15
VisualStudioVersion = 15.0.28307.757
MinimumVisualStudioVersion = 10.0.40219.1
Project("{FAE04EC0-301F-11D3-BF4B-00C04F79EFBC}") = "ProjetoEngIII", "ProjetoEngIII\ProjetoEngIII.csproj", "{326C9058-1027-428C-8F2A-C8D6BEB2ED0A}"
EndProject
Global
	GlobalSection(SolutionConfigurationPlatforms) = preSolution
		Debug|Any CPU = Debug|Any CPU
		Release|Any CPU = Release|Any CPU
	EndGlobalSection
	GlobalSection(ProjectConfigurationPlatforms) = postSolution
		{326C9058-1027-428C-8F2A-C8D6BEB2ED0A}.Debug|Any CPU.ActiveCfg = Debug|Any CPU
		{326C9058-1027-428C-8F2A-C8D6BEB2ED0A}.Debug|Any CPU.Build.0 = Debug|Any CPU
		{326C9058-1027-428C-8F2A-C8D6BEB2ED0A}.Release|Any CPU.ActiveCfg = Release|Any CPU
		{326C9058-1027-428C-8F2A-C8D6BEB2ED0A}.Release|Any CPU.Build.0 = Release|Any CPU
	EndGlobalSection
	GlobalSection(SolutionProperties) = preSolution
		HideSolutionNode = FALSE
	EndGlobalSection
	GlobalSection(ExtensibilityGlobals) = postSolution
		SolutionGuid = {1512903C-4E96-4373-A26D-B436D3944761}
	EndGlobalSection
EndGlobal
